
Microsoft Visual Studio Solution File, Format Version 12.00
# Visual Studio Version 17
VisualStudioVersion = 17.9.34723.18
MinimumVisualStudioVersion = 10.0.40219.1
Project("{F184B08F-C81C-45F6-A57F-5ABD9991F28F}") = "Proyecto 1 II C", "Proyecto 1 II C\Proyecto 1 II C.vbproj", "{8B9F007E-75F7-4476-A96F-811BF73E7433}"
EndProject
Global
	GlobalSection(SolutionConfigurationPlatforms) = preSolution
		Debug|Any CPU = Debug|Any CPU
		Release|Any CPU = Release|Any CPU
	EndGlobalSection
	GlobalSection(ProjectConfigurationPlatforms) = postSolution
		{8B9F007E-75F7-4476-A96F-811BF73E7433}.Debug|Any CPU.ActiveCfg = Debug|Any CPU
		{8B9F007E-75F7-4476-A96F-811BF73E7433}.Debug|Any CPU.Build.0 = Debug|Any CPU
		{8B9F007E-75F7-4476-A96F-811BF73E7433}.Release|Any CPU.ActiveCfg = Release|Any CPU
		{8B9F007E-75F7-4476-A96F-811BF73E7433}.Release|Any CPU.Build.0 = Release|Any CPU
	EndGlobalSection
	GlobalSection(SolutionProperties) = preSolution
		HideSolutionNode = FALSE
	EndGlobalSection
	GlobalSection(ExtensibilityGlobals) = postSolution
		SolutionGuid = {B45C4B85-E481-41A8-BF28-C81F465B3A65}
	EndGlobalSection
EndGlobal
